
Microsoft Visual Studio Solution File, Format Version 12.00
# Visual Studio 15
VisualStudioVersion = 15.0.26124.0
MinimumVisualStudioVersion = 15.0.26124.0
Project("{2150E333-8FDC-42A3-9474-1A3956D46DE8}") = "src", "src", "{2AACBC4A-6169-4A55-9B55-2880919BC20C}"
EndProject
Project("{FAE04EC0-301F-11D3-BF4B-00C04F79EFBC}") = "GradeBook", "src\GradeBook\GradeBook.csproj", "{C31C03B0-0C87-451B-A86F-5EF3815C4979}"
EndProject
Project("{2150E333-8FDC-42A3-9474-1A3956D46DE8}") = "test", "test", "{CD391BC9-A719-4BCB-8EB6-888275C3BC6F}"
EndProject
Project("{FAE04EC0-301F-11D3-BF4B-00C04F79EFBC}") = "GradeBook.Tests", "test\GradeBook.Tests\GradeBook.Tests.csproj", "{EC580924-25C4-4064-AEF1-F66A73338354}"
EndProject
Global
	GlobalSection(SolutionConfigurationPlatforms) = preSolution
		Debug|Any CPU = Debug|Any CPU
		Debug|x64 = Debug|x64
		Debug|x86 = Debug|x86
		Release|Any CPU = Release|Any CPU
		Release|x64 = Release|x64
		Release|x86 = Release|x86
	EndGlobalSection
	GlobalSection(SolutionProperties) = preSolution
		HideSolutionNode = FALSE
	EndGlobalSection
	GlobalSection(ProjectConfigurationPlatforms) = postSolution
		{C31C03B0-0C87-451B-A86F-5EF3815C4979}.Debug|Any CPU.ActiveCfg = Debug|Any CPU
		{C31C03B0-0C87-451B-A86F-5EF3815C4979}.Debug|Any CPU.Build.0 = Debug|Any CPU
		{C31C03B0-0C87-451B-A86F-5EF3815C4979}.Debug|x64.ActiveCfg = Debug|Any CPU
		{C31C03B0-0C87-451B-A86F-5EF3815C4979}.Debug|x64.Build.0 = Debug|Any CPU
		{C31C03B0-0C87-451B-A86F-5EF3815C4979}.Debug|x86.ActiveCfg = Debug|Any CPU
		{C31C03B0-0C87-451B-A86F-5EF3815C4979}.Debug|x86.Build.0 = Debug|Any CPU
		{C31C03B0-0C87-451B-A86F-5EF3815C4979}.Release|Any CPU.ActiveCfg = Release|Any CPU
		{C31C03B0-0C87-451B-A86F-5EF3815C4979}.Release|Any CPU.Build.0 = Release|Any CPU
		{C31C03B0-0C87-451B-A86F-5EF3815C4979}.Release|x64.ActiveCfg = Release|Any CPU
		{C31C03B0-0C87-451B-A86F-5EF3815C4979}.Release|x64.Build.0 = Release|Any CPU
		{C31C03B0-0C87-451B-A86F-5EF3815C4979}.Release|x86.ActiveCfg = Release|Any CPU
		{C31C03B0-0C87-451B-A86F-5EF3815C4979}.Release|x86.Build.0 = Release|Any CPU
		{EC580924-25C4-4064-AEF1-F66A73338354}.Debug|Any CPU.ActiveCfg = Debug|Any CPU
		{EC580924-25C4-4064-AEF1-F66A73338354}.Debug|Any CPU.Build.0 = Debug|Any CPU
		{EC580924-25C4-4064-AEF1-F66A73338354}.Debug|x64.ActiveCfg = Debug|Any CPU
		{EC580924-25C4-4064-AEF1-F66A73338354}.Debug|x64.Build.0 = Debug|Any CPU
		{EC580924-25C4-4064-AEF1-F66A73338354}.Debug|x86.ActiveCfg = Debug|Any CPU
		{EC580924-25C4-4064-AEF1-F66A73338354}.Debug|x86.Build.0 = Debug|Any CPU
		{EC580924-25C4-4064-AEF1-F66A73338354}.Release|Any CPU.ActiveCfg = Release|Any CPU
		{EC580924-25C4-4064-AEF1-F66A73338354}.Release|Any CPU.Build.0 = Release|Any CPU
		{EC580924-25C4-4064-AEF1-F66A73338354}.Release|x64.ActiveCfg = Release|Any CPU
		{EC580924-25C4-4064-AEF1-F66A73338354}.Release|x64.Build.0 = Release|Any CPU
		{EC580924-25C4-4064-AEF1-F66A73338354}.Release|x86.ActiveCfg = Release|Any CPU
		{EC580924-25C4-4064-AEF1-F66A73338354}.Release|x86.Build.0 = Release|Any CPU
	EndGlobalSection
	GlobalSection(NestedProjects) = preSolution
		{C31C03B0-0C87-451B-A86F-5EF3815C4979} = {2AACBC4A-6169-4A55-9B55-2880919BC20C}
		{EC580924-25C4-4064-AEF1-F66A73338354} = {CD391BC9-A719-4BCB-8EB6-888275C3BC6F}
	EndGlobalSection
EndGlobal
